<?xml version="1.0" encoding="utf-8"?>
<Project ToolsVersion="4.0" xmlns="http://schemas.microsoft.com/developer/msbuild/2003">
  <ItemGroup>
    <Filter Include="Quelldateien">
      <UniqueIdentifier>{4FC737F1-C7A5-4376-A066-2A32D752A2FF}</UniqueIdentifier>
      <Extensions>cpp;c;cc;cxx;c++;cppm;ixx;def;odl;idl;hpj;bat;asm;asmx</Extensions>
    </Filter>
    <Filter Include="Headerdateien">
      <UniqueIdentifier>{93995380-89BD-4b04-88EB-625FBE52EBFB}</UniqueIdentifier>
      <Extensions>h;hh;hpp;hxx;h++;hm;inl;inc;ipp;xsd</Extensions>
    </Filter>
    <Filter Include="Ressourcendateien">
      <UniqueIdentifier>{67DA6AB6-F800-4c08-8B7A-83BB121AAD01}</UniqueIdentifier>
      <Extensions>rc;ico;cur;bmp;dlg;rc2;rct;bin;rgs;gif;jpg;jpeg;jpe;resx;tiff;tif;png;wav;mfcribbon-ms</Extensions>
    </Filter>
    <Filter Include="Headerdateien\games">
      <UniqueIdentifier>{2a792ed7-9674-4e07-a790-3dc4ab3c0852}</UniqueIdentifier>
    </Filter>
    <Filter Include="Headerdateien\takegame">
      <UniqueIdentifier>{c95d1eba-04f4-40cd-8007-32fc8756db69}</UniqueIdentifier>
    </Filter>
    <Filter Include="Headerdateien\takegame\Players">
      <UniqueIdentifier>{f2db617f-cdb8-4ef2-85ad-43b4990a564b}</UniqueIdentifier>
    </Filter>
    <Filter Include="Headerdateien\games\Players">
      <UniqueIdentifier>{0ca6874f-6131-4053-a084-20ef4d0d58b3}</UniqueIdentifier>
    </Filter>
  </ItemGroup>
  <ItemGroup>
    <ClCompile Include="Tag3_02Nummspiel.cpp">
      <Filter>Quelldateien</Filter>
    </ClCompile>
  </ItemGroup>
  <ItemGroup>
    <ClInclude Include="GameClient.h">
      <Filter>Headerdateien</Filter>
    </ClInclude>
    <ClInclude Include="Game.h">
      <Filter>Headerdateien\games</Filter>
    </ClInclude>
    <ClInclude Include="TakeGameImpl.h">
      <Filter>Headerdateien\takegame</Filter>
    </ClInclude>
    <ClInclude Include="TakeGamePlayer.h">
      <Filter>Headerdateien\takegame\Players</Filter>
    </ClInclude>
    <ClInclude Include="ComputerPlayer.h">
      <Filter>Headerdateien\takegame\Players</Filter>
    </ClInclude>
    <ClInclude Include="AbstractTakeGamePlayer.h">
      <Filter>Headerdateien\takegame\Players</Filter>
    </ClInclude>
    <ClInclude Include="HumanPlayer.h">
      <Filter>Headerdateien\takegame\Players</Filter>
    </ClInclude>
    <ClInclude Include="GamePlayer.h">
      <Filter>Headerdateien\games\Players</Filter>
    </ClInclude>
    <ClInclude Include="AbstractGame.h">
      <Filter>Headerdateien\games</Filter>
    </ClInclude>
    <ClInclude Include="Writer.h">
      <Filter>Headerdateien</Filter>
    </ClInclude>
    <ClInclude Include="ConsolenWriter.h">
      <Filter>Headerdateien</Filter>
    </ClInclude>
  </ItemGroup>
</Project>